
Microsoft Visual Studio Solution File, Format Version 12.00
# Visual Studio Version 16
VisualStudioVersion = 16.0.31613.86
MinimumVisualStudioVersion = 10.0.40219.1
Project("{FAE04EC0-301F-11D3-BF4B-00C04F79EFBC}") = "WinUI", "WinUI\WinUI.csproj", "{1CF6B1F3-97D0-44CE-9C3E-8EABB0658F3C}"
EndProject
Global
	GlobalSection(SolutionConfigurationPlatforms) = preSolution
		Debug|Any CPU = Debug|Any CPU
		Release|Any CPU = Release|Any CPU
	EndGlobalSection
	GlobalSection(ProjectConfigurationPlatforms) = postSolution
		{1CF6B1F3-97D0-44CE-9C3E-8EABB0658F3C}.Debug|Any CPU.ActiveCfg = Debug|Any CPU
		{1CF6B1F3-97D0-44CE-9C3E-8EABB0658F3C}.Debug|Any CPU.Build.0 = Debug|Any CPU
		{1CF6B1F3-97D0-44CE-9C3E-8EABB0658F3C}.Release|Any CPU.ActiveCfg = Release|Any CPU
		{1CF6B1F3-97D0-44CE-9C3E-8EABB0658F3C}.Release|Any CPU.Build.0 = Release|Any CPU
	EndGlobalSection
	GlobalSection(SolutionProperties) = preSolution
		HideSolutionNode = FALSE
	EndGlobalSection
	GlobalSection(ExtensibilityGlobals) = postSolution
		SolutionGuid = {CF0A7197-74C4-4160-8877-82E3CE1BFDCC}
	EndGlobalSection
EndGlobal
