
Microsoft Visual Studio Solution File, Format Version 12.00
# Visual Studio Version 16
VisualStudioVersion = 16.0.31313.79
MinimumVisualStudioVersion = 10.0.40219.1
Project("{FAE04EC0-301F-11D3-BF4B-00C04F79EFBC}") = "WinUI", "WinUI\WinUI.csproj", "{4D08B7B8-4154-481E-846D-C6105A42509B}"
EndProject
Project("{FAE04EC0-301F-11D3-BF4B-00C04F79EFBC}") = "WorkerClassLib", "WorkerClassLib\WorkerClassLib.csproj", "{FEBA6BB5-D1DB-416E-A390-D57A617F1515}"
EndProject
Global
	GlobalSection(SolutionConfigurationPlatforms) = preSolution
		Debug|Any CPU = Debug|Any CPU
		Release|Any CPU = Release|Any CPU
	EndGlobalSection
	GlobalSection(ProjectConfigurationPlatforms) = postSolution
		{4D08B7B8-4154-481E-846D-C6105A42509B}.Debug|Any CPU.ActiveCfg = Debug|Any CPU
		{4D08B7B8-4154-481E-846D-C6105A42509B}.Debug|Any CPU.Build.0 = Debug|Any CPU
		{4D08B7B8-4154-481E-846D-C6105A42509B}.Release|Any CPU.ActiveCfg = Release|Any CPU
		{4D08B7B8-4154-481E-846D-C6105A42509B}.Release|Any CPU.Build.0 = Release|Any CPU
		{FEBA6BB5-D1DB-416E-A390-D57A617F1515}.Debug|Any CPU.ActiveCfg = Debug|Any CPU
		{FEBA6BB5-D1DB-416E-A390-D57A617F1515}.Debug|Any CPU.Build.0 = Debug|Any CPU
		{FEBA6BB5-D1DB-416E-A390-D57A617F1515}.Release|Any CPU.ActiveCfg = Release|Any CPU
		{FEBA6BB5-D1DB-416E-A390-D57A617F1515}.Release|Any CPU.Build.0 = Release|Any CPU
	EndGlobalSection
	GlobalSection(SolutionProperties) = preSolution
		HideSolutionNode = FALSE
	EndGlobalSection
	GlobalSection(ExtensibilityGlobals) = postSolution
		SolutionGuid = {29EB6EC6-6CFE-4BD0-AFF7-52BCDFC38C7A}
	EndGlobalSection
EndGlobal
