
Microsoft Visual Studio Solution File, Format Version 12.00
# Visual Studio Version 16
VisualStudioVersion = 16.0.31313.79
MinimumVisualStudioVersion = 10.0.40219.1
Project("{FAE04EC0-301F-11D3-BF4B-00C04F79EFBC}") = "WinUI", "WinUI\WinUI.csproj", "{4D1973F8-9A5D-490C-893C-71B45B2BB86B}"
EndProject
Project("{FAE04EC0-301F-11D3-BF4B-00C04F79EFBC}") = "WordCountLib", "WordCountLib\WordCountLib.csproj", "{D28E9D02-B5A9-49BB-832E-570BE69F95B4}"
EndProject
Global
	GlobalSection(SolutionConfigurationPlatforms) = preSolution
		Debug|Any CPU = Debug|Any CPU
		Release|Any CPU = Release|Any CPU
	EndGlobalSection
	GlobalSection(ProjectConfigurationPlatforms) = postSolution
		{4D1973F8-9A5D-490C-893C-71B45B2BB86B}.Debug|Any CPU.ActiveCfg = Debug|Any CPU
		{4D1973F8-9A5D-490C-893C-71B45B2BB86B}.Debug|Any CPU.Build.0 = Debug|Any CPU
		{4D1973F8-9A5D-490C-893C-71B45B2BB86B}.Release|Any CPU.ActiveCfg = Release|Any CPU
		{4D1973F8-9A5D-490C-893C-71B45B2BB86B}.Release|Any CPU.Build.0 = Release|Any CPU
		{D28E9D02-B5A9-49BB-832E-570BE69F95B4}.Debug|Any CPU.ActiveCfg = Debug|Any CPU
		{D28E9D02-B5A9-49BB-832E-570BE69F95B4}.Debug|Any CPU.Build.0 = Debug|Any CPU
		{D28E9D02-B5A9-49BB-832E-570BE69F95B4}.Release|Any CPU.ActiveCfg = Release|Any CPU
		{D28E9D02-B5A9-49BB-832E-570BE69F95B4}.Release|Any CPU.Build.0 = Release|Any CPU
	EndGlobalSection
	GlobalSection(SolutionProperties) = preSolution
		HideSolutionNode = FALSE
	EndGlobalSection
	GlobalSection(ExtensibilityGlobals) = postSolution
		SolutionGuid = {57370034-D1C2-4963-9C69-07E83348378F}
	EndGlobalSection
EndGlobal
